// !$*UTF8*$!
{
	archiveVersion = 1;
	classes = {
	};
	objectVersion = 56;
	objects = {

/* Begin PBXBuildFile section */
		AF595A7D2AA011E5004EE8C4 /* RegistrationRequest.swift in Sources */ = {isa = PBXBuildFile; fileRef = AF595A7C2AA011E5004EE8C4 /* RegistrationRequest.swift */; };
		AF595A802AA01219004EE8C4 /* RegistrationResponse.swift in Sources */ = {isa = PBXBuildFile; fileRef = AF595A7F2AA01219004EE8C4 /* RegistrationResponse.swift */; };
		AF595A832AA012F6004EE8C4 /* LoginRequest.swift in Sources */ = {isa = PBXBuildFile; fileRef = AF595A822AA012F6004EE8C4 /* LoginRequest.swift */; };
		AF595A852AA01309004EE8C4 /* LoginResponse.swift in Sources */ = {isa = PBXBuildFile; fileRef = AF595A842AA01309004EE8C4 /* LoginResponse.swift */; };
		AF595A882AA013FA004EE8C4 /* UserData.swift in Sources */ = {isa = PBXBuildFile; fileRef = AF595A872AA013FA004EE8C4 /* UserData.swift */; };
		AF595A8B2AA015A2004EE8C4 /* RewardsData.swift in Sources */ = {isa = PBXBuildFile; fileRef = AF595A8A2AA015A2004EE8C4 /* RewardsData.swift */; };
		AF595A8F2AA01864004EE8C4 /* RegistrationRequestHandler.swift in Sources */ = {isa = PBXBuildFile; fileRef = AF595A8E2AA01864004EE8C4 /* RegistrationRequestHandler.swift */; };
		AF595A912AA018EC004EE8C4 /* RequestHandler.swift in Sources */ = {isa = PBXBuildFile; fileRef = AF595A902AA018EC004EE8C4 /* RequestHandler.swift */; };
		AF595A942AA019C3004EE8C4 /* RequestTypes.swift in Sources */ = {isa = PBXBuildFile; fileRef = AF595A932AA019C3004EE8C4 /* RequestTypes.swift */; };
		AF595A972AA01AED004EE8C4 /* User.swift in Sources */ = {isa = PBXBuildFile; fileRef = AF595A962AA01AED004EE8C4 /* User.swift */; };
		AF595A9C2AA01B62004EE8C4 /* UserProfileResponse.swift in Sources */ = {isa = PBXBuildFile; fileRef = AF595A9B2AA01B62004EE8C4 /* UserProfileResponse.swift */; };
		AF595A9F2AA01C74004EE8C4 /* DataClass.swift in Sources */ = {isa = PBXBuildFile; fileRef = AF595A9E2AA01C74004EE8C4 /* DataClass.swift */; };
		AF595AA22AA01D06004EE8C4 /* RewardsListResponse.swift in Sources */ = {isa = PBXBuildFile; fileRef = AF595AA12AA01D06004EE8C4 /* RewardsListResponse.swift */; };
		AF595AA42AA023AD004EE8C4 /* Error.swift in Sources */ = {isa = PBXBuildFile; fileRef = AF595AA32AA023AD004EE8C4 /* Error.swift */; };
		AF595AA62AA03AF9004EE8C4 /* UITextField+SecureToggle.swift in Sources */ = {isa = PBXBuildFile; fileRef = AF595AA52AA03AF9004EE8C4 /* UITextField+SecureToggle.swift */; };
		AF595AA82AA03E28004EE8C4 /* String+ValidatePhNumber.swift in Sources */ = {isa = PBXBuildFile; fileRef = AF595AA72AA03E28004EE8C4 /* String+ValidatePhNumber.swift */; };
		AF595AAA2AA04185004EE8C4 /* Rewards.swift in Sources */ = {isa = PBXBuildFile; fileRef = AF595AA92AA04185004EE8C4 /* Rewards.swift */; };
		AF595AAD2AA0437F004EE8C4 /* UserProfileRequestHandler.swift in Sources */ = {isa = PBXBuildFile; fileRef = AF595AAC2AA0437F004EE8C4 /* UserProfileRequestHandler.swift */; };
		AF595AB02AA05638004EE8C4 /* LoginRequestHandler.swift in Sources */ = {isa = PBXBuildFile; fileRef = AF595AAF2AA05638004EE8C4 /* LoginRequestHandler.swift */; };
		AF595AB32AA05D84004EE8C4 /* RewardsListRequestHandler.swift in Sources */ = {isa = PBXBuildFile; fileRef = AF595AB22AA05D84004EE8C4 /* RewardsListRequestHandler.swift */; };
		AF72B8D82A9F671800AB1013 /* AppDelegate.swift in Sources */ = {isa = PBXBuildFile; fileRef = AF72B8D72A9F671800AB1013 /* AppDelegate.swift */; };
		AF72B8DA2A9F671800AB1013 /* SceneDelegate.swift in Sources */ = {isa = PBXBuildFile; fileRef = AF72B8D92A9F671800AB1013 /* SceneDelegate.swift */; };
		AF72B8DC2A9F671800AB1013 /* ViewController.swift in Sources */ = {isa = PBXBuildFile; fileRef = AF72B8DB2A9F671800AB1013 /* ViewController.swift */; };
		AF72B8E12A9F671B00AB1013 /* Assets.xcassets in Resources */ = {isa = PBXBuildFile; fileRef = AF72B8E02A9F671B00AB1013 /* Assets.xcassets */; };
		AF72B8E42A9F671B00AB1013 /* LaunchScreen.storyboard in Resources */ = {isa = PBXBuildFile; fileRef = AF72B8E22A9F671B00AB1013 /* LaunchScreen.storyboard */; };
		AF72B8EE2A9F679F00AB1013 /* Initial.storyboard in Resources */ = {isa = PBXBuildFile; fileRef = AF72B8ED2A9F679E00AB1013 /* Initial.storyboard */; };
		AF72B8F02A9F67CC00AB1013 /* LoginViewController.swift in Sources */ = {isa = PBXBuildFile; fileRef = AF72B8EF2A9F67CC00AB1013 /* LoginViewController.swift */; };
		AF72B8F22A9F67D100AB1013 /* RegisterViewController.swift in Sources */ = {isa = PBXBuildFile; fileRef = AF72B8F12A9F67D100AB1013 /* RegisterViewController.swift */; };
		AFF645A32A9FA4A9002302D1 /* MainViewController.swift in Sources */ = {isa = PBXBuildFile; fileRef = AFF645A12A9FA4A9002302D1 /* MainViewController.swift */; };
		AFF645A42A9FA4A9002302D1 /* DetailViewController.swift in Sources */ = {isa = PBXBuildFile; fileRef = AFF645A22A9FA4A9002302D1 /* DetailViewController.swift */; };
		AFF645AA2A9FA4E6002302D1 /* ImageTextCollectionViewCell.xib in Resources */ = {isa = PBXBuildFile; fileRef = AFF645A82A9FA4E6002302D1 /* ImageTextCollectionViewCell.xib */; };
		AFF645AB2A9FA4E6002302D1 /* ImageTextCollectionViewCell.swift in Sources */ = {isa = PBXBuildFile; fileRef = AFF645A92A9FA4E6002302D1 /* ImageTextCollectionViewCell.swift */; };
		AFF645B02A9FA4EE002302D1 /* ListCollectionViewAdapter.swift in Sources */ = {isa = PBXBuildFile; fileRef = AFF645AE2A9FA4EE002302D1 /* ListCollectionViewAdapter.swift */; };
		AFF645B32A9FA50C002302D1 /* UIView+ClassDescription.swift in Sources */ = {isa = PBXBuildFile; fileRef = AFF645B22A9FA50C002302D1 /* UIView+ClassDescription.swift */; };
		AFF645B82A9FA8B3002302D1 /* Main.storyboard in Resources */ = {isa = PBXBuildFile; fileRef = AFF645B72A9FA8B3002302D1 /* Main.storyboard */; };
/* End PBXBuildFile section */

/* Begin PBXFileReference section */
		AF595A7C2AA011E5004EE8C4 /* RegistrationRequest.swift */ = {isa = PBXFileReference; lastKnownFileType = sourcecode.swift; path = RegistrationRequest.swift; sourceTree = "<group>"; };
		AF595A7F2AA01219004EE8C4 /* RegistrationResponse.swift */ = {isa = PBXFileReference; lastKnownFileType = sourcecode.swift; path = RegistrationResponse.swift; sourceTree = "<group>"; };
		AF595A822AA012F6004EE8C4 /* LoginRequest.swift */ = {isa = PBXFileReference; lastKnownFileType = sourcecode.swift; path = LoginRequest.swift; sourceTree = "<group>"; };
		AF595A842AA01309004EE8C4 /* LoginResponse.swift */ = {isa = PBXFileReference; lastKnownFileType = sourcecode.swift; path = LoginResponse.swift; sourceTree = "<group>"; };
		AF595A872AA013FA004EE8C4 /* UserData.swift */ = {isa = PBXFileReference; lastKnownFileType = sourcecode.swift; path = UserData.swift; sourceTree = "<group>"; };
		AF595A8A2AA015A2004EE8C4 /* RewardsData.swift */ = {isa = PBXFileReference; lastKnownFileType = sourcecode.swift; path = RewardsData.swift; sourceTree = "<group>"; };
		AF595A8E2AA01864004EE8C4 /* RegistrationRequestHandler.swift */ = {isa = PBXFileReference; lastKnownFileType = sourcecode.swift; path = RegistrationRequestHandler.swift; sourceTree = "<group>"; };
		AF595A902AA018EC004EE8C4 /* RequestHandler.swift */ = {isa = PBXFileReference; lastKnownFileType = sourcecode.swift; path = RequestHandler.swift; sourceTree = "<group>"; };
		AF595A932AA019C3004EE8C4 /* RequestTypes.swift */ = {isa = PBXFileReference; lastKnownFileType = sourcecode.swift; path = RequestTypes.swift; sourceTree = "<group>"; };
		AF595A962AA01AED004EE8C4 /* User.swift */ = {isa = PBXFileReference; lastKnownFileType = sourcecode.swift; path = User.swift; sourceTree = "<group>"; };
		AF595A9B2AA01B62004EE8C4 /* UserProfileResponse.swift */ = {isa = PBXFileReference; lastKnownFileType = sourcecode.swift; path = UserProfileResponse.swift; sourceTree = "<group>"; };
		AF595A9E2AA01C74004EE8C4 /* DataClass.swift */ = {isa = PBXFileReference; lastKnownFileType = sourcecode.swift; path = DataClass.swift; sourceTree = "<group>"; };
		AF595AA12AA01D06004EE8C4 /* RewardsListResponse.swift */ = {isa = PBXFileReference; lastKnownFileType = sourcecode.swift; path = RewardsListResponse.swift; sourceTree = "<group>"; };
		AF595AA32AA023AD004EE8C4 /* Error.swift */ = {isa = PBXFileReference; lastKnownFileType = sourcecode.swift; path = Error.swift; sourceTree = "<group>"; };
		AF595AA52AA03AF9004EE8C4 /* UITextField+SecureToggle.swift */ = {isa = PBXFileReference; lastKnownFileType = sourcecode.swift; path = "UITextField+SecureToggle.swift"; sourceTree = "<group>"; };
		AF595AA72AA03E28004EE8C4 /* String+ValidatePhNumber.swift */ = {isa = PBXFileReference; lastKnownFileType = sourcecode.swift; path = "String+ValidatePhNumber.swift"; sourceTree = "<group>"; };
		AF595AA92AA04185004EE8C4 /* Rewards.swift */ = {isa = PBXFileReference; lastKnownFileType = sourcecode.swift; path = Rewards.swift; sourceTree = "<group>"; };
		AF595AAC2AA0437F004EE8C4 /* UserProfileRequestHandler.swift */ = {isa = PBXFileReference; lastKnownFileType = sourcecode.swift; path = UserProfileRequestHandler.swift; sourceTree = "<group>"; };
		AF595AAF2AA05638004EE8C4 /* LoginRequestHandler.swift */ = {isa = PBXFileReference; lastKnownFileType = sourcecode.swift; path = LoginRequestHandler.swift; sourceTree = "<group>"; };
		AF595AB22AA05D84004EE8C4 /* RewardsListRequestHandler.swift */ = {isa = PBXFileReference; lastKnownFileType = sourcecode.swift; path = RewardsListRequestHandler.swift; sourceTree = "<group>"; };
		AF72B8D42A9F671800AB1013 /* YonduApp.app */ = {isa = PBXFileReference; explicitFileType = wrapper.application; includeInIndex = 0; path = YonduApp.app; sourceTree = BUILT_PRODUCTS_DIR; };
		AF72B8D72A9F671800AB1013 /* AppDelegate.swift */ = {isa = PBXFileReference; lastKnownFileType = sourcecode.swift; path = AppDelegate.swift; sourceTree = "<group>"; };
		AF72B8D92A9F671800AB1013 /* SceneDelegate.swift */ = {isa = PBXFileReference; lastKnownFileType = sourcecode.swift; path = SceneDelegate.swift; sourceTree = "<group>"; };
		AF72B8DB2A9F671800AB1013 /* ViewController.swift */ = {isa = PBXFileReference; lastKnownFileType = sourcecode.swift; path = ViewController.swift; sourceTree = "<group>"; };
		AF72B8E02A9F671B00AB1013 /* Assets.xcassets */ = {isa = PBXFileReference; lastKnownFileType = folder.assetcatalog; path = Assets.xcassets; sourceTree = "<group>"; };
		AF72B8E32A9F671B00AB1013 /* Base */ = {isa = PBXFileReference; lastKnownFileType = file.storyboard; name = Base; path = Base.lproj/LaunchScreen.storyboard; sourceTree = "<group>"; };
		AF72B8E52A9F671B00AB1013 /* Info.plist */ = {isa = PBXFileReference; lastKnownFileType = text.plist.xml; path = Info.plist; sourceTree = "<group>"; };
		AF72B8ED2A9F679E00AB1013 /* Initial.storyboard */ = {isa = PBXFileReference; fileEncoding = 4; lastKnownFileType = file.storyboard; path = Initial.storyboard; sourceTree = "<group>"; };
		AF72B8EF2A9F67CC00AB1013 /* LoginViewController.swift */ = {isa = PBXFileReference; fileEncoding = 4; lastKnownFileType = sourcecode.swift; path = LoginViewController.swift; sourceTree = "<group>"; };
		AF72B8F12A9F67D100AB1013 /* RegisterViewController.swift */ = {isa = PBXFileReference; fileEncoding = 4; lastKnownFileType = sourcecode.swift; path = RegisterViewController.swift; sourceTree = "<group>"; };
		AFF645A12A9FA4A9002302D1 /* MainViewController.swift */ = {isa = PBXFileReference; fileEncoding = 4; lastKnownFileType = sourcecode.swift; path = MainViewController.swift; sourceTree = "<group>"; };
		AFF645A22A9FA4A9002302D1 /* DetailViewController.swift */ = {isa = PBXFileReference; fileEncoding = 4; lastKnownFileType = sourcecode.swift; path = DetailViewController.swift; sourceTree = "<group>"; };
		AFF645A82A9FA4E6002302D1 /* ImageTextCollectionViewCell.xib */ = {isa = PBXFileReference; fileEncoding = 4; lastKnownFileType = file.xib; path = ImageTextCollectionViewCell.xib; sourceTree = "<group>"; };
		AFF645A92A9FA4E6002302D1 /* ImageTextCollectionViewCell.swift */ = {isa = PBXFileReference; fileEncoding = 4; lastKnownFileType = sourcecode.swift; path = ImageTextCollectionViewCell.swift; sourceTree = "<group>"; };
		AFF645AE2A9FA4EE002302D1 /* ListCollectionViewAdapter.swift */ = {isa = PBXFileReference; fileEncoding = 4; lastKnownFileType = sourcecode.swift; path = ListCollectionViewAdapter.swift; sourceTree = "<group>"; };
		AFF645B22A9FA50C002302D1 /* UIView+ClassDescription.swift */ = {isa = PBXFileReference; fileEncoding = 4; lastKnownFileType = sourcecode.swift; path = "UIView+ClassDescription.swift"; sourceTree = "<group>"; };
		AFF645B72A9FA8B3002302D1 /* Main.storyboard */ = {isa = PBXFileReference; fileEncoding = 4; lastKnownFileType = file.storyboard; path = Main.storyboard; sourceTree = "<group>"; };
/* End PBXFileReference section */

/* Begin PBXFrameworksBuildPhase section */
		AF72B8D12A9F671800AB1013 /* Frameworks */ = {
			isa = PBXFrameworksBuildPhase;
			buildActionMask = 2147483647;
			files = (
			);
			runOnlyForDeploymentPostprocessing = 0;
		};
/* End PBXFrameworksBuildPhase section */

/* Begin PBXGroup section */
		AF595A7A2AA010B1004EE8C4 /* Network */ = {
			isa = PBXGroup;
			children = (
				AF595A8C2AA0172D004EE8C4 /* Handlers */,
				AF595A7B2AA011D5004EE8C4 /* Objects */,
			);
			path = Network;
			sourceTree = "<group>";
		};
		AF595A7B2AA011D5004EE8C4 /* Objects */ = {
			isa = PBXGroup;
			children = (
				AF595A9D2AA01C67004EE8C4 /* Data Class */,
				AF595A862AA013EE004EE8C4 /* User */,
				AF595A892AA0152E004EE8C4 /* Rewards */,
				AF595AA02AA01CDB004EE8C4 /* Rewards List */,
				AF595A9A2AA01B52004EE8C4 /* User Profile */,
				AF595A812AA012A6004EE8C4 /* Login */,
				AF595A7E2AA0120A004EE8C4 /* Register */,
			);
			path = Objects;
			sourceTree = "<group>";
		};
		AF595A7E2AA0120A004EE8C4 /* Register */ = {
			isa = PBXGroup;
			children = (
				AF595A7C2AA011E5004EE8C4 /* RegistrationRequest.swift */,
				AF595A7F2AA01219004EE8C4 /* RegistrationResponse.swift */,
			);
			path = Register;
			sourceTree = "<group>";
		};
		AF595A812AA012A6004EE8C4 /* Login */ = {
			isa = PBXGroup;
			children = (
				AF595A822AA012F6004EE8C4 /* LoginRequest.swift */,
				AF595A842AA01309004EE8C4 /* LoginResponse.swift */,
			);
			path = Login;
			sourceTree = "<group>";
		};
		AF595A862AA013EE004EE8C4 /* User */ = {
			isa = PBXGroup;
			children = (
				AF595A872AA013FA004EE8C4 /* UserData.swift */,
			);
			path = User;
			sourceTree = "<group>";
		};
		AF595A892AA0152E004EE8C4 /* Rewards */ = {
			isa = PBXGroup;
			children = (
				AF595A8A2AA015A2004EE8C4 /* RewardsData.swift */,
			);
			path = Rewards;
			sourceTree = "<group>";
		};
		AF595A8C2AA0172D004EE8C4 /* Handlers */ = {
			isa = PBXGroup;
			children = (
				AF595AB12AA05CB7004EE8C4 /* Rewards List */,
				AF595AAE2AA05622004EE8C4 /* Login */,
				AF595AAB2AA0435C004EE8C4 /* User Profile */,
				AF595A8D2AA01851004EE8C4 /* Registration */,
				AF595A902AA018EC004EE8C4 /* RequestHandler.swift */,
			);
			path = Handlers;
			sourceTree = "<group>";
		};
		AF595A8D2AA01851004EE8C4 /* Registration */ = {
			isa = PBXGroup;
			children = (
				AF595A8E2AA01864004EE8C4 /* RegistrationRequestHandler.swift */,
			);
			path = Registration;
			sourceTree = "<group>";
		};
		AF595A922AA019B4004EE8C4 /* Enum */ = {
			isa = PBXGroup;
			children = (
				AF595A932AA019C3004EE8C4 /* RequestTypes.swift */,
				AF595AA32AA023AD004EE8C4 /* Error.swift */,
			);
			path = Enum;
			sourceTree = "<group>";
		};
		AF595A9A2AA01B52004EE8C4 /* User Profile */ = {
			isa = PBXGroup;
			children = (
				AF595A9B2AA01B62004EE8C4 /* UserProfileResponse.swift */,
			);
			path = "User Profile";
			sourceTree = "<group>";
		};
		AF595A9D2AA01C67004EE8C4 /* Data Class */ = {
			isa = PBXGroup;
			children = (
				AF595A9E2AA01C74004EE8C4 /* DataClass.swift */,
			);
			path = "Data Class";
			sourceTree = "<group>";
		};
		AF595AA02AA01CDB004EE8C4 /* Rewards List */ = {
			isa = PBXGroup;
			children = (
				AF595AA12AA01D06004EE8C4 /* RewardsListResponse.swift */,
			);
			path = "Rewards List";
			sourceTree = "<group>";
		};
		AF595AAB2AA0435C004EE8C4 /* User Profile */ = {
			isa = PBXGroup;
			children = (
				AF595AAC2AA0437F004EE8C4 /* UserProfileRequestHandler.swift */,
			);
			path = "User Profile";
			sourceTree = "<group>";
		};
		AF595AAE2AA05622004EE8C4 /* Login */ = {
			isa = PBXGroup;
			children = (
				AF595AAF2AA05638004EE8C4 /* LoginRequestHandler.swift */,
			);
			path = Login;
			sourceTree = "<group>";
		};
		AF595AB12AA05CB7004EE8C4 /* Rewards List */ = {
			isa = PBXGroup;
			children = (
				AF595AB22AA05D84004EE8C4 /* RewardsListRequestHandler.swift */,
			);
			path = "Rewards List";
			sourceTree = "<group>";
		};
		AF72B8CB2A9F671800AB1013 = {
			isa = PBXGroup;
			children = (
				AF72B8D62A9F671800AB1013 /* YonduApp */,
				AF72B8D52A9F671800AB1013 /* Products */,
			);
			sourceTree = "<group>";
		};
		AF72B8D52A9F671800AB1013 /* Products */ = {
			isa = PBXGroup;
			children = (
				AF72B8D42A9F671800AB1013 /* YonduApp.app */,
			);
			name = Products;
			sourceTree = "<group>";
		};
		AF72B8D62A9F671800AB1013 /* YonduApp */ = {
			isa = PBXGroup;
			children = (
				AF595A922AA019B4004EE8C4 /* Enum */,
				AF595A7A2AA010B1004EE8C4 /* Network */,
				AFF645B42A9FA517002302D1 /* Objects */,
				AFF645B12A9FA50C002302D1 /* Extensions */,
				AFF645AC2A9FA4EE002302D1 /* Adapters */,
				AFF645A72A9FA4D9002302D1 /* Cells */,
				AF72B8EC2A9F678700AB1013 /* Story Boards */,
				AF72B8EB2A9F677F00AB1013 /* View Controllers */,
				AF72B8D72A9F671800AB1013 /* AppDelegate.swift */,
				AF72B8D92A9F671800AB1013 /* SceneDelegate.swift */,
				AF72B8E02A9F671B00AB1013 /* Assets.xcassets */,
				AF72B8E52A9F671B00AB1013 /* Info.plist */,
			);
			path = YonduApp;
			sourceTree = "<group>";
		};
		AF72B8EB2A9F677F00AB1013 /* View Controllers */ = {
			isa = PBXGroup;
			children = (
				AF72B8F12A9F67D100AB1013 /* RegisterViewController.swift */,
				AF72B8EF2A9F67CC00AB1013 /* LoginViewController.swift */,
				AF72B8DB2A9F671800AB1013 /* ViewController.swift */,
				AFF645A22A9FA4A9002302D1 /* DetailViewController.swift */,
				AFF645A12A9FA4A9002302D1 /* MainViewController.swift */,
			);
			path = "View Controllers";
			sourceTree = "<group>";
		};
		AF72B8EC2A9F678700AB1013 /* Story Boards */ = {
			isa = PBXGroup;
			children = (
				AF72B8ED2A9F679E00AB1013 /* Initial.storyboard */,
				AFF645B72A9FA8B3002302D1 /* Main.storyboard */,
				AF72B8E22A9F671B00AB1013 /* LaunchScreen.storyboard */,
			);
			path = "Story Boards";
			sourceTree = "<group>";
		};
		AFF645A72A9FA4D9002302D1 /* Cells */ = {
			isa = PBXGroup;
			children = (
				AFF645A92A9FA4E6002302D1 /* ImageTextCollectionViewCell.swift */,
				AFF645A82A9FA4E6002302D1 /* ImageTextCollectionViewCell.xib */,
			);
			path = Cells;
			sourceTree = "<group>";
		};
		AFF645AC2A9FA4EE002302D1 /* Adapters */ = {
			isa = PBXGroup;
			children = (
				AFF645AE2A9FA4EE002302D1 /* ListCollectionViewAdapter.swift */,
			);
			path = Adapters;
			sourceTree = "<group>";
		};
		AFF645B12A9FA50C002302D1 /* Extensions */ = {
			isa = PBXGroup;
			children = (
				AFF645B22A9FA50C002302D1 /* UIView+ClassDescription.swift */,
				AF595AA52AA03AF9004EE8C4 /* UITextField+SecureToggle.swift */,
				AF595AA72AA03E28004EE8C4 /* String+ValidatePhNumber.swift */,
			);
			path = Extensions;
			sourceTree = "<group>";
		};
		AFF645B42A9FA517002302D1 /* Objects */ = {
			isa = PBXGroup;
			children = (
				AF595A962AA01AED004EE8C4 /* User.swift */,
				AF595AA92AA04185004EE8C4 /* Rewards.swift */,
			);
			path = Objects;
			sourceTree = "<group>";
		};
/* End PBXGroup section */

/* Begin PBXNativeTarget section */
		AF72B8D32A9F671800AB1013 /* YonduApp */ = {
			isa = PBXNativeTarget;
			buildConfigurationList = AF72B8E82A9F671B00AB1013 /* Build configuration list for PBXNativeTarget "YonduApp" */;
			buildPhases = (
				AF72B8D02A9F671800AB1013 /* Sources */,
				AF72B8D12A9F671800AB1013 /* Frameworks */,
				AF72B8D22A9F671800AB1013 /* Resources */,
			);
			buildRules = (
			);
			dependencies = (
			);
			name = YonduApp;
			productName = YonduApp;
			productReference = AF72B8D42A9F671800AB1013 /* YonduApp.app */;
			productType = "com.apple.product-type.application";
		};
/* End PBXNativeTarget section */

/* Begin PBXProject section */
		AF72B8CC2A9F671800AB1013 /* Project object */ = {
			isa = PBXProject;
			attributes = {
				BuildIndependentTargetsInParallel = 1;
				LastSwiftUpdateCheck = 1420;
				LastUpgradeCheck = 1420;
				TargetAttributes = {
					AF72B8D32A9F671800AB1013 = {
						CreatedOnToolsVersion = 14.2;
					};
				};
			};
			buildConfigurationList = AF72B8CF2A9F671800AB1013 /* Build configuration list for PBXProject "YonduApp" */;
			compatibilityVersion = "Xcode 14.0";
			developmentRegion = en;
			hasScannedForEncodings = 0;
			knownRegions = (
				en,
				Base,
			);
			mainGroup = AF72B8CB2A9F671800AB1013;
			productRefGroup = AF72B8D52A9F671800AB1013 /* Products */;
			projectDirPath = "";
			projectRoot = "";
			targets = (
				AF72B8D32A9F671800AB1013 /* YonduApp */,
			);
		};
/* End PBXProject section */

/* Begin PBXResourcesBuildPhase section */
		AF72B8D22A9F671800AB1013 /* Resources */ = {
			isa = PBXResourcesBuildPhase;
			buildActionMask = 2147483647;
			files = (
				AF72B8E42A9F671B00AB1013 /* LaunchScreen.storyboard in Resources */,
				AFF645B82A9FA8B3002302D1 /* Main.storyboard in Resources */,
				AF72B8E12A9F671B00AB1013 /* Assets.xcassets in Resources */,
				AF72B8EE2A9F679F00AB1013 /* Initial.storyboard in Resources */,
				AFF645AA2A9FA4E6002302D1 /* ImageTextCollectionViewCell.xib in Resources */,
			);
			runOnlyForDeploymentPostprocessing = 0;
		};
/* End PBXResourcesBuildPhase section */

/* Begin PBXSourcesBuildPhase section */
		AF72B8D02A9F671800AB1013 /* Sources */ = {
			isa = PBXSourcesBuildPhase;
			buildActionMask = 2147483647;
			files = (
				AFF645B32A9FA50C002302D1 /* UIView+ClassDescription.swift in Sources */,
				AFF645B02A9FA4EE002302D1 /* ListCollectionViewAdapter.swift in Sources */,
				AF72B8F02A9F67CC00AB1013 /* LoginViewController.swift in Sources */,
				AF595AA82AA03E28004EE8C4 /* String+ValidatePhNumber.swift in Sources */,
				AF595AB02AA05638004EE8C4 /* LoginRequestHandler.swift in Sources */,
				AF595AAD2AA0437F004EE8C4 /* UserProfileRequestHandler.swift in Sources */,
				AF595AAA2AA04185004EE8C4 /* Rewards.swift in Sources */,
				AF595A942AA019C3004EE8C4 /* RequestTypes.swift in Sources */,
				AF595A9C2AA01B62004EE8C4 /* UserProfileResponse.swift in Sources */,
				AF595AB32AA05D84004EE8C4 /* RewardsListRequestHandler.swift in Sources */,
				AF72B8F22A9F67D100AB1013 /* RegisterViewController.swift in Sources */,
				AF595A882AA013FA004EE8C4 /* UserData.swift in Sources */,
				AF595A912AA018EC004EE8C4 /* RequestHandler.swift in Sources */,
				AF595A7D2AA011E5004EE8C4 /* RegistrationRequest.swift in Sources */,
				AF595A832AA012F6004EE8C4 /* LoginRequest.swift in Sources */,
				AF595A8B2AA015A2004EE8C4 /* RewardsData.swift in Sources */,
				AF595A8F2AA01864004EE8C4 /* RegistrationRequestHandler.swift in Sources */,
				AFF645AB2A9FA4E6002302D1 /* ImageTextCollectionViewCell.swift in Sources */,
				AF72B8DC2A9F671800AB1013 /* ViewController.swift in Sources */,
				AFF645A32A9FA4A9002302D1 /* MainViewController.swift in Sources */,
				AF72B8D82A9F671800AB1013 /* AppDelegate.swift in Sources */,
				AF595A9F2AA01C74004EE8C4 /* DataClass.swift in Sources */,
				AF72B8DA2A9F671800AB1013 /* SceneDelegate.swift in Sources */,
				AF595A802AA01219004EE8C4 /* RegistrationResponse.swift in Sources */,
				AFF645A42A9FA4A9002302D1 /* DetailViewController.swift in Sources */,
				AF595A852AA01309004EE8C4 /* LoginResponse.swift in Sources */,
				AF595A972AA01AED004EE8C4 /* User.swift in Sources */,
				AF595AA42AA023AD004EE8C4 /* Error.swift in Sources */,
				AF595AA62AA03AF9004EE8C4 /* UITextField+SecureToggle.swift in Sources */,
				AF595AA22AA01D06004EE8C4 /* RewardsListResponse.swift in Sources */,
			);
			runOnlyForDeploymentPostprocessing = 0;
		};
/* End PBXSourcesBuildPhase section */

/* Begin PBXVariantGroup section */
		AF72B8E22A9F671B00AB1013 /* LaunchScreen.storyboard */ = {
			isa = PBXVariantGroup;
			children = (
				AF72B8E32A9F671B00AB1013 /* Base */,
			);
			name = LaunchScreen.storyboard;
			sourceTree = "<group>";
		};
/* End PBXVariantGroup section */

/* Begin XCBuildConfiguration section */
		AF72B8E62A9F671B00AB1013 /* Debug */ = {
			isa = XCBuildConfiguration;
			buildSettings = {
				ALWAYS_SEARCH_USER_PATHS = NO;
				CLANG_ANALYZER_NONNULL = YES;
				CLANG_ANALYZER_NUMBER_OBJECT_CONVERSION = YES_AGGRESSIVE;
				CLANG_CXX_LANGUAGE_STANDARD = "gnu++20";
				CLANG_ENABLE_MODULES = YES;
				CLANG_ENABLE_OBJC_ARC = YES;
				CLANG_ENABLE_OBJC_WEAK = YES;
				CLANG_WARN_BLOCK_CAPTURE_AUTORELEASING = YES;
				CLANG_WARN_BOOL_CONVERSION = YES;
				CLANG_WARN_COMMA = YES;
				CLANG_WARN_CONSTANT_CONVERSION = YES;
				CLANG_WARN_DEPRECATED_OBJC_IMPLEMENTATIONS = YES;
				CLANG_WARN_DIRECT_OBJC_ISA_USAGE = YES_ERROR;
				CLANG_WARN_DOCUMENTATION_COMMENTS = YES;
				CLANG_WARN_EMPTY_BODY = YES;
				CLANG_WARN_ENUM_CONVERSION = YES;
				CLANG_WARN_INFINITE_RECURSION = YES;
				CLANG_WARN_INT_CONVERSION = YES;
				CLANG_WARN_NON_LITERAL_NULL_CONVERSION = YES;
				CLANG_WARN_OBJC_IMPLICIT_RETAIN_SELF = YES;
				CLANG_WARN_OBJC_LITERAL_CONVERSION = YES;
				CLANG_WARN_OBJC_ROOT_CLASS = YES_ERROR;
				CLANG_WARN_QUOTED_INCLUDE_IN_FRAMEWORK_HEADER = YES;
				CLANG_WARN_RANGE_LOOP_ANALYSIS = YES;
				CLANG_WARN_STRICT_PROTOTYPES = YES;
				CLANG_WARN_SUSPICIOUS_MOVE = YES;
				CLANG_WARN_UNGUARDED_AVAILABILITY = YES_AGGRESSIVE;
				CLANG_WARN_UNREACHABLE_CODE = YES;
				CLANG_WARN__DUPLICATE_METHOD_MATCH = YES;
				COPY_PHASE_STRIP = NO;
				DEBUG_INFORMATION_FORMAT = dwarf;
				ENABLE_STRICT_OBJC_MSGSEND = YES;
				ENABLE_TESTABILITY = YES;
				GCC_C_LANGUAGE_STANDARD = gnu11;
				GCC_DYNAMIC_NO_PIC = NO;
				GCC_NO_COMMON_BLOCKS = YES;
				GCC_OPTIMIZATION_LEVEL = 0;
				GCC_PREPROCESSOR_DEFINITIONS = (
					"DEBUG=1",
					"$(inherited)",
				);
				GCC_WARN_64_TO_32_BIT_CONVERSION = YES;
				GCC_WARN_ABOUT_RETURN_TYPE = YES_ERROR;
				GCC_WARN_UNDECLARED_SELECTOR = YES;
				GCC_WARN_UNINITIALIZED_AUTOS = YES_AGGRESSIVE;
				GCC_WARN_UNUSED_FUNCTION = YES;
				GCC_WARN_UNUSED_VARIABLE = YES;
				IPHONEOS_DEPLOYMENT_TARGET = 16.2;
				MTL_ENABLE_DEBUG_INFO = INCLUDE_SOURCE;
				MTL_FAST_MATH = YES;
				ONLY_ACTIVE_ARCH = YES;
				SDKROOT = iphoneos;
				SWIFT_ACTIVE_COMPILATION_CONDITIONS = DEBUG;
				SWIFT_OPTIMIZATION_LEVEL = "-Onone";
			};
			name = Debug;
		};
		AF72B8E72A9F671B00AB1013 /* Release */ = {
			isa = XCBuildConfiguration;
			buildSettings = {
				ALWAYS_SEARCH_USER_PATHS = NO;
				CLANG_ANALYZER_NONNULL = YES;
				CLANG_ANALYZER_NUMBER_OBJECT_CONVERSION = YES_AGGRESSIVE;
				CLANG_CXX_LANGUAGE_STANDARD = "gnu++20";
				CLANG_ENABLE_MODULES = YES;
				CLANG_ENABLE_OBJC_ARC = YES;
				CLANG_ENABLE_OBJC_WEAK = YES;
				CLANG_WARN_BLOCK_CAPTURE_AUTORELEASING = YES;
				CLANG_WARN_BOOL_CONVERSION = YES;
				CLANG_WARN_COMMA = YES;
				CLANG_WARN_CONSTANT_CONVERSION = YES;
				CLANG_WARN_DEPRECATED_OBJC_IMPLEMENTATIONS = YES;
				CLANG_WARN_DIRECT_OBJC_ISA_USAGE = YES_ERROR;
				CLANG_WARN_DOCUMENTATION_COMMENTS = YES;
				CLANG_WARN_EMPTY_BODY = YES;
				CLANG_WARN_ENUM_CONVERSION = YES;
				CLANG_WARN_INFINITE_RECURSION = YES;
				CLANG_WARN_INT_CONVERSION = YES;
				CLANG_WARN_NON_LITERAL_NULL_CONVERSION = YES;
				CLANG_WARN_OBJC_IMPLICIT_RETAIN_SELF = YES;
				CLANG_WARN_OBJC_LITERAL_CONVERSION = YES;
				CLANG_WARN_OBJC_ROOT_CLASS = YES_ERROR;
				CLANG_WARN_QUOTED_INCLUDE_IN_FRAMEWORK_HEADER = YES;
				CLANG_WARN_RANGE_LOOP_ANALYSIS = YES;
				CLANG_WARN_STRICT_PROTOTYPES = YES;
				CLANG_WARN_SUSPICIOUS_MOVE = YES;
				CLANG_WARN_UNGUARDED_AVAILABILITY = YES_AGGRESSIVE;
				CLANG_WARN_UNREACHABLE_CODE = YES;
				CLANG_WARN__DUPLICATE_METHOD_MATCH = YES;
				COPY_PHASE_STRIP = NO;
				DEBUG_INFORMATION_FORMAT = "dwarf-with-dsym";
				ENABLE_NS_ASSERTIONS = NO;
				ENABLE_STRICT_OBJC_MSGSEND = YES;
				GCC_C_LANGUAGE_STANDARD = gnu11;
				GCC_NO_COMMON_BLOCKS = YES;
				GCC_WARN_64_TO_32_BIT_CONVERSION = YES;
				GCC_WARN_ABOUT_RETURN_TYPE = YES_ERROR;
				GCC_WARN_UNDECLARED_SELECTOR = YES;
				GCC_WARN_UNINITIALIZED_AUTOS = YES_AGGRESSIVE;
				GCC_WARN_UNUSED_FUNCTION = YES;
				GCC_WARN_UNUSED_VARIABLE = YES;
				IPHONEOS_DEPLOYMENT_TARGET = 16.2;
				MTL_ENABLE_DEBUG_INFO = NO;
				MTL_FAST_MATH = YES;
				SDKROOT = iphoneos;
				SWIFT_COMPILATION_MODE = wholemodule;
				SWIFT_OPTIMIZATION_LEVEL = "-O";
				VALIDATE_PRODUCT = YES;
			};
			name = Release;
		};
		AF72B8E92A9F671B00AB1013 /* Debug */ = {
			isa = XCBuildConfiguration;
			buildSettings = {
				ASSETCATALOG_COMPILER_APPICON_NAME = AppIcon;
				ASSETCATALOG_COMPILER_GLOBAL_ACCENT_COLOR_NAME = AccentColor;
				CODE_SIGN_STYLE = Automatic;
				CURRENT_PROJECT_VERSION = 1;
				GENERATE_INFOPLIST_FILE = YES;
				INFOPLIST_FILE = YonduApp/Info.plist;
				INFOPLIST_KEY_UIApplicationSupportsIndirectInputEvents = YES;
				INFOPLIST_KEY_UILaunchStoryboardName = LaunchScreen;
				INFOPLIST_KEY_UIMainStoryboardFile = Main;
				INFOPLIST_KEY_UISupportedInterfaceOrientations = "UIInterfaceOrientationLandscapeLeft UIInterfaceOrientationLandscapeRight UIInterfaceOrientationPortrait";
				IPHONEOS_DEPLOYMENT_TARGET = 13.0;
				LD_RUNPATH_SEARCH_PATHS = (
					"$(inherited)",
					"@executable_path/Frameworks",
				);
				MARKETING_VERSION = 1.0;
				PRODUCT_BUNDLE_IDENTIFIER = darren.e.YonduApp;
				PRODUCT_NAME = "$(TARGET_NAME)";
				SWIFT_EMIT_LOC_STRINGS = YES;
				SWIFT_VERSION = 5.0;
				TARGETED_DEVICE_FAMILY = "1,2";
			};
			name = Debug;
		};
		AF72B8EA2A9F671B00AB1013 /* Release */ = {
			isa = XCBuildConfiguration;
			buildSettings = {
				ASSETCATALOG_COMPILER_APPICON_NAME = AppIcon;
				ASSETCATALOG_COMPILER_GLOBAL_ACCENT_COLOR_NAME = AccentColor;
				CODE_SIGN_STYLE = Automatic;
				CURRENT_PROJECT_VERSION = 1;
				GENERATE_INFOPLIST_FILE = YES;
				INFOPLIST_FILE = YonduApp/Info.plist;
				INFOPLIST_KEY_UIApplicationSupportsIndirectInputEvents = YES;
				INFOPLIST_KEY_UILaunchStoryboardName = LaunchScreen;
				INFOPLIST_KEY_UIMainStoryboardFile = Main;
				INFOPLIST_KEY_UISupportedInterfaceOrientations = "UIInterfaceOrientationLandscapeLeft UIInterfaceOrientationLandscapeRight UIInterfaceOrientationPortrait";
				IPHONEOS_DEPLOYMENT_TARGET = 13.0;
				LD_RUNPATH_SEARCH_PATHS = (
					"$(inherited)",
					"@executable_path/Frameworks",
				);
				MARKETING_VERSION = 1.0;
				PRODUCT_BUNDLE_IDENTIFIER = darren.e.YonduApp;
				PRODUCT_NAME = "$(TARGET_NAME)";
				SWIFT_EMIT_LOC_STRINGS = YES;
				SWIFT_VERSION = 5.0;
				TARGETED_DEVICE_FAMILY = "1,2";
			};
			name = Release;
		};
/* End XCBuildConfiguration section */

/* Begin XCConfigurationList section */
		AF72B8CF2A9F671800AB1013 /* Build configuration list for PBXProject "YonduApp" */ = {
			isa = XCConfigurationList;
			buildConfigurations = (
				AF72B8E62A9F671B00AB1013 /* Debug */,
				AF72B8E72A9F671B00AB1013 /* Release */,
			);
			defaultConfigurationIsVisible = 0;
			defaultConfigurationName = Release;
		};
		AF72B8E82A9F671B00AB1013 /* Build configuration list for PBXNativeTarget "YonduApp" */ = {
			isa = XCConfigurationList;
			buildConfigurations = (
				AF72B8E92A9F671B00AB1013 /* Debug */,
				AF72B8EA2A9F671B00AB1013 /* Release */,
			);
			defaultConfigurationIsVisible = 0;
			defaultConfigurationName = Release;
		};
/* End XCConfigurationList section */
	};
	rootObject = AF72B8CC2A9F671800AB1013 /* Project object */;
}
